lockfileVersion: '9.0'

settings:
  autoInstallPeers: true
  excludeLinksFromLockfile: false

importers:

  .:
    dependencies:
      '@firecrawl/anydoc':
        specifier: 0.1.9
        version: 0.1.9
      '@phosphor-icons/web':
        specifier: 2.1.2
        version: 2.1.2

packages:

  '@firecrawl/anydoc-darwin-arm64@0.1.9':
    resolution: {integrity: sha512-r7LQfF8nLArQmeMIeTWOeItqe3ktLO0DsuJWU/LvscGqGY+OPhdxRRvUU2vYOEbZUEqWW+FJWzV7Nni9JHLapw==}
    engines: {node: '>= 20'}
    cpu: [arm64]
    os: [darwin]

  '@firecrawl/anydoc-darwin-x64@0.1.9':
    resolution: {integrity: sha512-/9jNFk4Waxm88PgxnrFO7vRyjqTPQvr37ABPQZKuBLAI+fhhVAYbyVhFvSrF2694yVXg84qdg0kws+5DtTzCog==}
    engines: {node: '>= 20'}
    cpu: [x64]
    os: [darwin]

  '@firecrawl/anydoc-linux-arm64-gnu@0.1.9':
    resolution: {integrity: sha512-FtPDamesoHW3NUDQVWWsjtt5H6oqObtcOwCwREnKRjNqnEVkIE9eW3/vElbGrZlrqlcPz4OLLAI4fGJUUKh3kQ==}
    engines: {node: '>= 20'}
    cpu: [arm64]
    os: [linux]
    libc: [glibc]

  '@firecrawl/anydoc-linux-arm64-musl@0.1.9':
    resolution: {integrity: sha512-fvhEB45eo7xxfev3h+c3+gKhNrUvgMOKBrZol3R2Sljp97oVL2HyC4Mwqq+nqLW0yOH9qGikDgwlLLESD3gYSQ==}
    engines: {node: '>= 20'}
    cpu: [arm64]
    os: [linux]
    libc: [musl]

  '@firecrawl/anydoc-linux-x64-gnu@0.1.9':
    resolution: {integrity: sha512-12Fbby9ZxXNdGVuObBSIJTmJhmjm6MFjZinunjRR3j92cFLJiYeXYRHk8iYReSEXbgat0i34AfkY15uTjXoAng==}
    engines: {node: '>= 20'}
    cpu: [x64]
    os: [linux]
    libc: [glibc]

  '@firecrawl/anydoc-linux-x64-musl@0.1.9':
    resolution: {integrity: sha512-Y8VhjazuAAqBuuOZPEw5QwB0u7WX6EIKP8E3q/LGTKTIJsjl0tK6Hjcgxdg52SiF/aa1fB4oHx2UK2ojB1V2rA==}
    engines: {node: '>= 20'}
    cpu: [x64]
    os: [linux]
    libc: [musl]

  '@firecrawl/anydoc-win32-x64-msvc@0.1.9':
    resolution: {integrity: sha512-SRX+GrFn+R/hTwSxJvJzKW0S+zn2vxJnolI9RTrn8HtNlyQUnvxB8PulzxvgBVV82kA3/ZTvGUKokH/SQe8sqg==}
    engines: {node: '>= 20'}
    cpu: [x64]
    os: [win32]

  '@firecrawl/anydoc@0.1.9':
    resolution: {integrity: sha512-WT4PiXAYWsTOk65pH6MKmM8yB27Vj5NyAnc29pVAZtJSf9DO5QBCDKOU+iFai4t11N1Qjs1QuCLrp9DMIeRITQ==}
    engines: {node: '>= 20'}
    hasBin: true

  '@phosphor-icons/web@2.1.2':
    resolution: {integrity: sha512-rPAR9o/bEcp4Cw4DEeZHXf+nlGCMNGkNDRizYHM47NLxz9vvEHp/Tt6FMK1NcWadzw/pFDPnRBGi/ofRya958A==}

snapshots:

  '@firecrawl/anydoc-darwin-arm64@0.1.9':
    optional: true

  '@firecrawl/anydoc-darwin-x64@0.1.9':
    optional: true

  '@firecrawl/anydoc-linux-arm64-gnu@0.1.9':
    optional: true

  '@firecrawl/anydoc-linux-arm64-musl@0.1.9':
    optional: true

  '@firecrawl/anydoc-linux-x64-gnu@0.1.9':
    optional: true

  '@firecrawl/anydoc-linux-x64-musl@0.1.9':
    optional: true

  '@firecrawl/anydoc-win32-x64-msvc@0.1.9':
    optional: true

  '@firecrawl/anydoc@0.1.9':
    optionalDependencies:
      '@firecrawl/anydoc-darwin-arm64': 0.1.9
      '@firecrawl/anydoc-darwin-x64': 0.1.9
      '@firecrawl/anydoc-linux-arm64-gnu': 0.1.9
      '@firecrawl/anydoc-linux-arm64-musl': 0.1.9
      '@firecrawl/anydoc-linux-x64-gnu': 0.1.9
      '@firecrawl/anydoc-linux-x64-musl': 0.1.9
      '@firecrawl/anydoc-win32-x64-msvc': 0.1.9

  '@phosphor-icons/web@2.1.2': {}
